
Microsoft Visual Studio Solution File, Format Version 12.00
# Visual Studio Version 17
VisualStudioVersion = 17.8.34408.163
MinimumVisualStudioVersion = 10.0.40219.1
Project("{FAE04EC0-301F-11D3-BF4B-00C04F79EFBC}") = "mod2_les8_task5", "mod2_les8_task5\mod2_les8_task5.csproj", "{B3967F01-C72C-4550-8BA6-67F77C035FC1}"
EndProject
Global
	GlobalSection(SolutionConfigurationPlatforms) = preSolution
		Debug|Any CPU = Debug|Any CPU
		Release|Any CPU = Release|Any CPU
	EndGlobalSection
	GlobalSection(ProjectConfigurationPlatforms) = postSolution
		{B3967F01-C72C-4550-8BA6-67F77C035FC1}.Debug|Any CPU.ActiveCfg = Debug|Any CPU
		{B3967F01-C72C-4550-8BA6-67F77C035FC1}.Debug|Any CPU.Build.0 = Debug|Any CPU
		{B3967F01-C72C-4550-8BA6-67F77C035FC1}.Release|Any CPU.ActiveCfg = Release|Any CPU
		{B3967F01-C72C-4550-8BA6-67F77C035FC1}.Release|Any CPU.Build.0 = Release|Any CPU
	EndGlobalSection
	GlobalSection(SolutionProperties) = preSolution
		HideSolutionNode = FALSE
	EndGlobalSection
	GlobalSection(ExtensibilityGlobals) = postSolution
		SolutionGuid = {BF7281BB-8FA8-4631-83E7-57CF4BE7C842}
	EndGlobalSection
EndGlobal
